
Microsoft Visual Studio Solution File, Format Version 12.00
# Visual Studio Version 17
VisualStudioVersion = 17.7.34018.315
MinimumVisualStudioVersion = 10.0.40219.1
Project("{FAE04EC0-301F-11D3-BF4B-00C04F79EFBC}") = "prueb", "prueb.csproj", "{82B367D9-2B3A-4DB9-9CC3-7803A512C049}"
EndProject
Global
	GlobalSection(SolutionConfigurationPlatforms) = preSolution
		Debug|Any CPU = Debug|Any CPU
		Release|Any CPU = Release|Any CPU
	EndGlobalSection
	GlobalSection(ProjectConfigurationPlatforms) = postSolution
		{82B367D9-2B3A-4DB9-9CC3-7803A512C049}.Debug|Any CPU.ActiveCfg = Debug|Any CPU
		{82B367D9-2B3A-4DB9-9CC3-7803A512C049}.Debug|Any CPU.Build.0 = Debug|Any CPU
		{82B367D9-2B3A-4DB9-9CC3-7803A512C049}.Release|Any CPU.ActiveCfg = Release|Any CPU
		{82B367D9-2B3A-4DB9-9CC3-7803A512C049}.Release|Any CPU.Build.0 = Release|Any CPU
	EndGlobalSection
	GlobalSection(SolutionProperties) = preSolution
		HideSolutionNode = FALSE
	EndGlobalSection
	GlobalSection(ExtensibilityGlobals) = postSolution
		SolutionGuid = {F1F27520-4553-4591-9636-5035D3764D5B}
	EndGlobalSection
EndGlobal
